
Microsoft Visual Studio Solution File, Format Version 12.00
# Visual Studio Version 17
VisualStudioVersion = 17.5.33424.131
MinimumVisualStudioVersion = 10.0.40219.1
Project("{888888A0-9F3D-457C-B088-3A5042F75D52}") = "Genome Assembly Basics", "Genome Assembly Basics\Genome Assembly Basics.pyproj", "{D347BF5A-09F7-4658-9D44-7FF42172093B}"
EndProject
Global
	GlobalSection(SolutionConfigurationPlatforms) = preSolution
		Debug|Any CPU = Debug|Any CPU
		Release|Any CPU = Release|Any CPU
	EndGlobalSection
	GlobalSection(ProjectConfigurationPlatforms) = postSolution
		{D347BF5A-09F7-4658-9D44-7FF42172093B}.Debug|Any CPU.ActiveCfg = Debug|Any CPU
		{D347BF5A-09F7-4658-9D44-7FF42172093B}.Release|Any CPU.ActiveCfg = Release|Any CPU
	EndGlobalSection
	GlobalSection(SolutionProperties) = preSolution
		HideSolutionNode = FALSE
	EndGlobalSection
	GlobalSection(ExtensibilityGlobals) = postSolution
		SolutionGuid = {8ED8C67E-28AA-489B-81ED-6426E04E9C59}
	EndGlobalSection
EndGlobal
